
Microsoft Visual Studio Solution File, Format Version 12.00
# Visual Studio Version 17
VisualStudioVersion = 17.3.32922.545
MinimumVisualStudioVersion = 10.0.40219.1
Project("{FAE04EC0-301F-11D3-BF4B-00C04F79EFBC}") = "HockeyManager", "HockeyManager\HockeyManager.csproj", "{B95AA865-66CA-4127-A2A3-A00C72AD3EBB}"
EndProject
Global
	GlobalSection(SolutionConfigurationPlatforms) = preSolution
		Debug|Any CPU = Debug|Any CPU
		Release|Any CPU = Release|Any CPU
	EndGlobalSection
	GlobalSection(ProjectConfigurationPlatforms) = postSolution
		{B95AA865-66CA-4127-A2A3-A00C72AD3EBB}.Debug|Any CPU.ActiveCfg = Debug|Any CPU
		{B95AA865-66CA-4127-A2A3-A00C72AD3EBB}.Debug|Any CPU.Build.0 = Debug|Any CPU
		{B95AA865-66CA-4127-A2A3-A00C72AD3EBB}.Release|Any CPU.ActiveCfg = Release|Any CPU
		{B95AA865-66CA-4127-A2A3-A00C72AD3EBB}.Release|Any CPU.Build.0 = Release|Any CPU
	EndGlobalSection
	GlobalSection(SolutionProperties) = preSolution
		HideSolutionNode = FALSE
	EndGlobalSection
	GlobalSection(ExtensibilityGlobals) = postSolution
		SolutionGuid = {9A3C8FB4-F943-4FBB-BBB7-10D3812B902D}
	EndGlobalSection
EndGlobal
